
Microsoft Visual Studio Solution File, Format Version 12.00
# Visual Studio Version 16
VisualStudioVersion = 16.0.31205.134
MinimumVisualStudioVersion = 10.0.40219.1
Project("{FAE04EC0-301F-11D3-BF4B-00C04F79EFBC}") = "EmguCVDemoApp", "EmguCVDemoApp.csproj", "{AB7941B0-AF2F-477A-B6D2-7E2B6DF3B07C}"
EndProject
Global
	GlobalSection(SolutionConfigurationPlatforms) = preSolution
		Debug|Any CPU = Debug|Any CPU
		Release|Any CPU = Release|Any CPU
	EndGlobalSection
	GlobalSection(ProjectConfigurationPlatforms) = postSolution
		{AB7941B0-AF2F-477A-B6D2-7E2B6DF3B07C}.Debug|Any CPU.ActiveCfg = Debug|Any CPU
		{AB7941B0-AF2F-477A-B6D2-7E2B6DF3B07C}.Debug|Any CPU.Build.0 = Debug|Any CPU
		{AB7941B0-AF2F-477A-B6D2-7E2B6DF3B07C}.Release|Any CPU.ActiveCfg = Release|Any CPU
		{AB7941B0-AF2F-477A-B6D2-7E2B6DF3B07C}.Release|Any CPU.Build.0 = Release|Any CPU
	EndGlobalSection
	GlobalSection(SolutionProperties) = preSolution
		HideSolutionNode = FALSE
	EndGlobalSection
	GlobalSection(ExtensibilityGlobals) = postSolution
		SolutionGuid = {26FAA001-420F-4F22-B2AB-B6A875CC923C}
	EndGlobalSection
EndGlobal
